{
  "lockfile-version": 1,
  "manifest": {
    "version": 1,
    "install": {
      "gradle": {
        "pkg-path": "gradle"
      },
      "jdk17": {
        "pkg-path": "jdk17"
      },
      "jq": {
        "pkg-path": "jq"
      }
    },
    "vars": {
      "ANDROID_EMULATOR_FLAGS": "-no-boot-anim -netdelay none -netspeed full -no-snapshot -camera-back none -camera-front none",
      "ANDROID_EMULATOR_HEADLESS_FLAGS": "-no-window -no-audio -gpu swiftshader_indirect",
      "ANDROID_SYSTEM_IMAGE_TAG": "google_apis"
    },
    "hook": {
      "on-activate": "  export PROJECT_ROOT=\"${PROJECT_ROOT:-$(git rev-parse --show-toplevel 2>/dev/null || pwd)}\"\n\n  env_project=\"${FLOX_ENV_PROJECT:-}\"\n  lock_path=\"\"\n  if [ -n \"$env_project\" ]; then\n    lock_path=\"$env_project/.flox/env/manifest.lock\"\n  fi\n\n  if [ -z \"$lock_path\" ] || [ ! -f \"$lock_path\" ]; then\n    echo \"Android SDK lockfile not found. Ensure the env is initialized.\" >&2\n    exit 1\n  fi\n\n  if ! command -v jq >/dev/null 2>&1; then\n    echo \"jq is required to locate the pinned Android SDK.\" >&2\n    exit 1\n  fi\n\n  sdk_out=\"$(jq -r '.packages[] | select(.name|test(\"android-sdk|androidsdk\")) | .outputs.out // empty' \"$lock_path\" | head -n 1)\"\n  if [ -z \"$sdk_out\" ]; then\n    echo \"Pinned Android SDK not found in manifest.lock.\" >&2\n    exit 1\n  fi\n\n  sdk_root=\"${sdk_out}/libexec/android-sdk\"\n  if [ ! -d \"$sdk_root/platform-tools\" ]; then\n    echo \"Pinned Android SDK missing platform-tools at ${sdk_root}.\" >&2\n    exit 1\n  fi\n\n  export ANDROID_SDK_ROOT=\"$sdk_root\"\n  export ANDROID_HOME=\"$sdk_root\"\n\n  export PATH=\"${ANDROID_SDK_ROOT}/platform-tools:${ANDROID_SDK_ROOT}/emulator:$PATH\"\n  if [ -d \"${ANDROID_SDK_ROOT}/cmdline-tools/latest/bin\" ]; then\n    export PATH=\"${ANDROID_SDK_ROOT}/cmdline-tools/latest/bin:$PATH\"\n  fi\n\n  if [ -z \"${ANDROID_ENV_INFO_PRINTED:-}\" ]; then\n    build_tools=\"\"\n    if [ -d \"${ANDROID_SDK_ROOT}/build-tools\" ]; then\n      build_tools=\"$(ls -1 \"${ANDROID_SDK_ROOT}/build-tools\" 2>/dev/null | sort -V | tail -n 1)\"\n    fi\n    adb_version=\"\"\n    if command -v adb >/dev/null 2>&1; then\n      adb_version=\"$(adb version 2>/dev/null | head -n 1)\"\n    fi\n    echo\n    echo \"Android env:\"\n    echo \"  ANDROID_SDK_ROOT=${ANDROID_SDK_ROOT:-}\"\n    echo \"  ANDROID_HOME=${ANDROID_HOME:-}\"\n    echo \"  Build tools=${build_tools:-unknown}\"\n    if [ -n \"$adb_version\" ]; then\n      echo \"  ${adb_version}\"\n    fi\n    echo \"  ANDROID_API=${ANDROID_API:-}\"\n    echo\n    ANDROID_ENV_INFO_PRINTED=1\n  fi\n "
    },
    "profile": {
      "bash": "  android_reset() {\n    rm -rf \"${ANDROID_AVD_HOME:-$HOME/.android/avd}\" \"$HOME/.android/adbkey\" \"$HOME/.android/adbkey.pub\"\n    echo \"Android AVDs and adb keys removed.\"\n  }\n  alias android-reset=android_reset\n",
      "zsh": "  android_reset() {\n    rm -rf \"${ANDROID_AVD_HOME:-$HOME/.android/avd}\" \"$HOME/.android/adbkey\" \"$HOME/.android/adbkey.pub\"\n    echo \"Android AVDs and adb keys removed.\"\n  }\n  alias android-reset=android_reset\n"
    },
    "options": {}
  },
  "packages": [
    {
      "attr_path": "gradle",
      "broken": false,
      "derivation": "/nix/store/dbnkzdw82861r3gkcmlp2lqq8zic20hc-gradle-8.14.3.drv",
      "description": "Enterprise-grade build system",
      "install_id": "gradle",
      "license": "Apache-2.0",
      "locked_url": "https://github.com/flox/nixpkgs?rev=88d3861acdd3d2f0e361767018218e51810df8a1",
      "name": "gradle-8.14.3",
      "pname": "gradle",
      "rev": "88d3861acdd3d2f0e361767018218e51810df8a1",
      "rev_count": 931542,
      "rev_date": "2026-01-21T18:02:10Z",
      "scrape_date": "2026-01-23T04:32:31.369278Z",
      "stabilities": [
        "unstable"
      ],
      "unfree": false,
      "version": "8.14.3",
      "outputs_to_install": [
        "out"
      ],
      "outputs": {
        "out": "/nix/store/v2xbkgrvn0b4g4qq7j5x60va0d4gf0kw-gradle-8.14.3"
      },
      "system": "aarch64-darwin",
      "group": "toplevel",
      "priority": 5
    },
    {
      "attr_path": "gradle",
      "broken": false,
      "derivation": "/nix/store/c4x59nryixv1q363jlrpnlp85v95nakp-gradle-8.14.3.drv",
      "description": "Enterprise-grade build system",
      "install_id": "gradle",
      "license": "Apache-2.0",
      "locked_url": "https://github.com/flox/nixpkgs?rev=88d3861acdd3d2f0e361767018218e51810df8a1",
      "name": "gradle-8.14.3",
      "pname": "gradle",
      "rev": "88d3861acdd3d2f0e361767018218e51810df8a1",
      "rev_count": 931542,
      "rev_date": "2026-01-21T18:02:10Z",
      "scrape_date": "2026-01-23T05:12:36.117839Z",
      "stabilities": [
        "unstable"
      ],
      "unfree": false,
      "version": "8.14.3",
      "outputs_to_install": [
        "out"
      ],
      "outputs": {
        "out": "/nix/store/mvs8d5c60yyx3sxpppg1r67yjvlrrhhh-gradle-8.14.3"
      },
      "system": "aarch64-linux",
      "group": "toplevel",
      "priority": 5
    },
    {
      "attr_path": "gradle",
      "broken": false,
      "derivation": "/nix/store/zzhg2rrq3s9w7yyprqg0m3mlmjmdkp3r-gradle-8.14.3.drv",
      "description": "Enterprise-grade build system",
      "install_id": "gradle",
      "license": "Apache-2.0",
      "locked_url": "https://github.com/flox/nixpkgs?rev=88d3861acdd3d2f0e361767018218e51810df8a1",
      "name": "gradle-8.14.3",
      "pname": "gradle",
      "rev": "88d3861acdd3d2f0e361767018218e51810df8a1",
      "rev_count": 931542,
      "rev_date": "2026-01-21T18:02:10Z",
      "scrape_date": "2026-01-23T05:49:37.538954Z",
      "stabilities": [
        "unstable"
      ],
      "unfree": false,
      "version": "8.14.3",
      "outputs_to_install": [
        "out"
      ],
      "outputs": {
        "out": "/nix/store/jy3fpkvcymjaglzi9z2gbpzcyqypgfxh-gradle-8.14.3"
      },
      "system": "x86_64-darwin",
      "group": "toplevel",
      "priority": 5
    },
    {
      "attr_path": "gradle",
      "broken": false,
      "derivation": "/nix/store/khlk8ail121iszdibfchpmjp66r8xn2g-gradle-8.14.3.drv",
      "description": "Enterprise-grade build system",
      "install_id": "gradle",
      "license": "Apache-2.0",
      "locked_url": "https://github.com/flox/nixpkgs?rev=88d3861acdd3d2f0e361767018218e51810df8a1",
      "name": "gradle-8.14.3",
      "pname": "gradle",
      "rev": "88d3861acdd3d2f0e361767018218e51810df8a1",
      "rev_count": 931542,
      "rev_date": "2026-01-21T18:02:10Z",
      "scrape_date": "2026-01-23T06:35:57.099275Z",
      "stabilities": [
        "unstable"
      ],
      "unfree": false,
      "version": "8.14.3",
      "outputs_to_install": [
        "out"
      ],
      "outputs": {
        "out": "/nix/store/80fgl9ffaxlxl9s4i1jb37krcljx669g-gradle-8.14.3"
      },
      "system": "x86_64-linux",
      "group": "toplevel",
      "priority": 5
    },
    {
      "attr_path": "jdk17",
      "broken": false,
      "derivation": "/nix/store/87rnl1qkmwrkkzmk0xhnzwak8h9mxdsr-zulu-ca-jdk-17.0.12.drv",
      "description": "Certified builds of OpenJDK",
      "install_id": "jdk17",
      "license": "GPL-2.0-only",
      "locked_url": "https://github.com/flox/nixpkgs?rev=88d3861acdd3d2f0e361767018218e51810df8a1",
      "name": "zulu-ca-jdk-17.0.12",
      "pname": "jdk17",
      "rev": "88d3861acdd3d2f0e361767018218e51810df8a1",
      "rev_count": 931542,
      "rev_date": "2026-01-21T18:02:10Z",
      "scrape_date": "2026-01-23T04:32:45.560371Z",
      "stabilities": [
        "unstable"
      ],
      "unfree": false,
      "version": "17.0.12",
      "outputs_to_install": [
        "out"
      ],
      "outputs": {
        "out": "/nix/store/s9nq23qm9animys49h7g7w660jz4ccwz-zulu-ca-jdk-17.0.12"
      },
      "system": "aarch64-darwin",
      "group": "toplevel",
      "priority": 5
    },
    {
      "attr_path": "jdk17",
      "broken": false,
      "derivation": "/nix/store/immnw14gv0mg4khjwkmjizaj14f2rz3n-openjdk-17.0.18+8.drv",
      "description": "Open-source Java Development Kit",
      "install_id": "jdk17",
      "license": "GPL-2.0-only",
      "locked_url": "https://github.com/flox/nixpkgs?rev=88d3861acdd3d2f0e361767018218e51810df8a1",
      "name": "openjdk-17.0.18+8",
      "pname": "jdk17",
      "rev": "88d3861acdd3d2f0e361767018218e51810df8a1",
      "rev_count": 931542,
      "rev_date": "2026-01-21T18:02:10Z",
      "scrape_date": "2026-01-23T05:12:54.031397Z",
      "stabilities": [
        "unstable"
      ],
      "unfree": false,
      "version": "17.0.18+8",
      "outputs_to_install": [
        "out"
      ],
      "outputs": {
        "debug": "/nix/store/mwrq9h4w9lqz6fcwnhkncaxv9wv818fv-openjdk-17.0.18+8-debug",
        "out": "/nix/store/2abywirxqx7bhskjspw306ic6f4813sp-openjdk-17.0.18+8"
      },
      "system": "aarch64-linux",
      "group": "toplevel",
      "priority": 5
    },
    {
      "attr_path": "jdk17",
      "broken": false,
      "derivation": "/nix/store/rq1jxlr68pjj9ws31zazwgam60s3smn0-zulu-ca-jdk-17.0.12.drv",
      "description": "Certified builds of OpenJDK",
      "install_id": "jdk17",
      "license": "GPL-2.0-only",
      "locked_url": "https://github.com/flox/nixpkgs?rev=88d3861acdd3d2f0e361767018218e51810df8a1",
      "name": "zulu-ca-jdk-17.0.12",
      "pname": "jdk17",
      "rev": "88d3861acdd3d2f0e361767018218e51810df8a1",
      "rev_count": 931542,
      "rev_date": "2026-01-21T18:02:10Z",
      "scrape_date": "2026-01-23T05:49:52.080613Z",
      "stabilities": [
        "unstable"
      ],
      "unfree": false,
      "version": "17.0.12",
      "outputs_to_install": [
        "out"
      ],
      "outputs": {
        "out": "/nix/store/n1rp0ay6dp66yvr2dzwn840hcnpk8010-zulu-ca-jdk-17.0.12"
      },
      "system": "x86_64-darwin",
      "group": "toplevel",
      "priority": 5
    },
    {
      "attr_path": "jdk17",
      "broken": false,
      "derivation": "/nix/store/hcx7nljc1yblnikil993hans49drj63l-openjdk-17.0.18+8.drv",
      "description": "Open-source Java Development Kit",
      "install_id": "jdk17",
      "license": "GPL-2.0-only",
      "locked_url": "https://github.com/flox/nixpkgs?rev=88d3861acdd3d2f0e361767018218e51810df8a1",
      "name": "openjdk-17.0.18+8",
      "pname": "jdk17",
      "rev": "88d3861acdd3d2f0e361767018218e51810df8a1",
      "rev_count": 931542,
      "rev_date": "2026-01-21T18:02:10Z",
      "scrape_date": "2026-01-23T06:36:15.980289Z",
      "stabilities": [
        "unstable"
      ],
      "unfree": false,
      "version": "17.0.18+8",
      "outputs_to_install": [
        "out"
      ],
      "outputs": {
        "debug": "/nix/store/0d9r6s5qqglkpk0k9qr3j50hjl0l3kkx-openjdk-17.0.18+8-debug",
        "out": "/nix/store/cv2p1i825y7qsl9wld173phhww1d0day-openjdk-17.0.18+8"
      },
      "system": "x86_64-linux",
      "group": "toplevel",
      "priority": 5
    },
    {
      "attr_path": "jq",
      "broken": false,
      "derivation": "/nix/store/xh7sg4v2x4d44yzvmx9zcr71gn7z6b03-jq-1.8.1.drv",
      "description": "Lightweight and flexible command-line JSON processor",
      "install_id": "jq",
      "license": "MIT",
      "locked_url": "https://github.com/flox/nixpkgs?rev=88d3861acdd3d2f0e361767018218e51810df8a1",
      "name": "jq-1.8.1",
      "pname": "jq",
      "rev": "88d3861acdd3d2f0e361767018218e51810df8a1",
      "rev_count": 931542,
      "rev_date": "2026-01-21T18:02:10Z",
      "scrape_date": "2026-01-23T04:32:45.720299Z",
      "stabilities": [
        "unstable"
      ],
      "unfree": false,
      "version": "1.8.1",
      "outputs_to_install": [
        "bin",
        "man"
      ],
      "outputs": {
        "bin": "/nix/store/9rm6fm3zq1jq8rgsx528cw8wkmfya2gf-jq-1.8.1-bin",
        "dev": "/nix/store/5camppj4hz2mgkdbxs0kr6nvh6qa65wf-jq-1.8.1-dev",
        "doc": "/nix/store/lak094rhhxlaj1qycadmxyfphgjadj5r-jq-1.8.1-doc",
        "man": "/nix/store/cv999saj62xhq7xv5i7q6944vljykfmw-jq-1.8.1-man",
        "out": "/nix/store/g371yvjasdr552v98p5kav7n35s1dfib-jq-1.8.1"
      },
      "system": "aarch64-darwin",
      "group": "toplevel",
      "priority": 5
    },
    {
      "attr_path": "jq",
      "broken": false,
      "derivation": "/nix/store/900w59hvyx6q26igzlgk2pn2wjx0fsss-jq-1.8.1.drv",
      "description": "Lightweight and flexible command-line JSON processor",
      "install_id": "jq",
      "license": "MIT",
      "locked_url": "https://github.com/flox/nixpkgs?rev=88d3861acdd3d2f0e361767018218e51810df8a1",
      "name": "jq-1.8.1",
      "pname": "jq",
      "rev": "88d3861acdd3d2f0e361767018218e51810df8a1",
      "rev_count": 931542,
      "rev_date": "2026-01-21T18:02:10Z",
      "scrape_date": "2026-01-23T05:12:54.263817Z",
      "stabilities": [
        "unstable"
      ],
      "unfree": false,
      "version": "1.8.1",
      "outputs_to_install": [
        "bin",
        "bin",
        "man"
      ],
      "outputs": {
        "bin": "/nix/store/m8qv4g54q3jmjb8i33v9lljcwhydx2vd-jq-1.8.1-bin",
        "dev": "/nix/store/5ykn83b3hhvnnq0p5vqgcrzihrl9wpsl-jq-1.8.1-dev",
        "doc": "/nix/store/37ypy1595g6rj3cymh1mpk2b25fx40g7-jq-1.8.1-doc",
        "man": "/nix/store/9x2457g76jikfy7xq4mjqwzl8iz3zvxj-jq-1.8.1-man",
        "out": "/nix/store/16lg603jzppwjanlakcak1ais69mkd03-jq-1.8.1"
      },
      "system": "aarch64-linux",
      "group": "toplevel",
      "priority": 5
    },
    {
      "attr_path": "jq",
      "broken": false,
      "derivation": "/nix/store/cajf8n8zpw65sd9ch7av6lwwb2qkvx8v-jq-1.8.1.drv",
      "description": "Lightweight and flexible command-line JSON processor",
      "install_id": "jq",
      "license": "MIT",
      "locked_url": "https://github.com/flox/nixpkgs?rev=88d3861acdd3d2f0e361767018218e51810df8a1",
      "name": "jq-1.8.1",
      "pname": "jq",
      "rev": "88d3861acdd3d2f0e361767018218e51810df8a1",
      "rev_count": 931542,
      "rev_date": "2026-01-21T18:02:10Z",
      "scrape_date": "2026-01-23T05:49:52.246924Z",
      "stabilities": [
        "unstable"
      ],
      "unfree": false,
      "version": "1.8.1",
      "outputs_to_install": [
        "bin",
        "man"
      ],
      "outputs": {
        "bin": "/nix/store/kkb17whpkdrmn9g3gk7y6l69vipxsw0i-jq-1.8.1-bin",
        "dev": "/nix/store/lypnqs272644l8ff6wfji9rg5jw10v7h-jq-1.8.1-dev",
        "doc": "/nix/store/nyw97c4pywfcqqap5hyk9xjghczlbshl-jq-1.8.1-doc",
        "man": "/nix/store/iwr61wi83kflqvz8j5nf7ridaqq6nh2w-jq-1.8.1-man",
        "out": "/nix/store/ri930a557685c64bdh88a5031i7hx3vy-jq-1.8.1"
      },
      "system": "x86_64-darwin",
      "group": "toplevel",
      "priority": 5
    },
    {
      "attr_path": "jq",
      "broken": false,
      "derivation": "/nix/store/ig0anfgqf7v924r7djvvp8vi46r74g5k-jq-1.8.1.drv",
      "description": "Lightweight and flexible command-line JSON processor",
      "install_id": "jq",
      "license": "MIT",
      "locked_url": "https://github.com/flox/nixpkgs?rev=88d3861acdd3d2f0e361767018218e51810df8a1",
      "name": "jq-1.8.1",
      "pname": "jq",
      "rev": "88d3861acdd3d2f0e361767018218e51810df8a1",
      "rev_count": 931542,
      "rev_date": "2026-01-21T18:02:10Z",
      "scrape_date": "2026-01-23T06:36:16.223396Z",
      "stabilities": [
        "unstable"
      ],
      "unfree": false,
      "version": "1.8.1",
      "outputs_to_install": [
        "bin",
        "bin",
        "man"
      ],
      "outputs": {
        "bin": "/nix/store/zssasryipb2x4gk2ahzacl4mvvcmk48j-jq-1.8.1-bin",
        "dev": "/nix/store/rmxxm5jnxq93kvkhbr2b3hzj6v3ldp8z-jq-1.8.1-dev",
        "doc": "/nix/store/mkhfvc69grlky3iblibkw9wcc12jcdqq-jq-1.8.1-doc",
        "man": "/nix/store/7d4pv1iymyqk2lykwj1ydml3rjhc6gl3-jq-1.8.1-man",
        "out": "/nix/store/807g765zgpmp1c8fm5y40rw2gbr1k6dk-jq-1.8.1"
      },
      "system": "x86_64-linux",
      "group": "toplevel",
      "priority": 5
    }
  ]
}
