{
  "lockfile-version": 1,
  "manifest": {
    "version": 1,
    "install": {
      "node": {
        "pkg-path": "nodejs_20"
      },
      "yarn": {
        "pkg-path": "yarn-berry",
        "version": "4.12.0"
      }
    },
    "hook": {
      "on-activate": ""
    },
    "profile": {},
    "options": {}
  },
  "packages": [
    {
      "attr_path": "nodejs_20",
      "broken": false,
      "derivation": "/nix/store/n7wzvdy4aiwd3hcdcbaz8pr98z10cyap-nodejs-20.20.0.drv",
      "description": "Event-driven I/O framework for the V8 JavaScript engine",
      "install_id": "node",
      "license": "MIT",
      "locked_url": "https://github.com/flox/nixpkgs?rev=88d3861acdd3d2f0e361767018218e51810df8a1",
      "name": "nodejs-20.20.0",
      "pname": "nodejs_20",
      "rev": "88d3861acdd3d2f0e361767018218e51810df8a1",
      "rev_count": 931542,
      "rev_date": "2026-01-21T18:02:10Z",
      "scrape_date": "2026-01-23T04:32:53.049997Z",
      "stabilities": [
        "unstable"
      ],
      "unfree": false,
      "version": "20.20.0",
      "outputs_to_install": [
        "out"
      ],
      "outputs": {
        "dev": "/nix/store/fsrayxzszxaqcm5k849c33qncvr22rf1-nodejs-20.20.0-dev",
        "libv8": "/nix/store/8dmg3m6pxx6g850dr572fbnkkb7l4qx9-nodejs-20.20.0-libv8",
        "out": "/nix/store/l5zcv2mlpz4vkfr8gaznjl4l09pw7qva-nodejs-20.20.0"
      },
      "system": "aarch64-darwin",
      "group": "toplevel",
      "priority": 5
    },
    {
      "attr_path": "nodejs_20",
      "broken": false,
      "derivation": "/nix/store/g5dq0bd2f7dvybjah8l6q6anl6zq0lq6-nodejs-20.20.0.drv",
      "description": "Event-driven I/O framework for the V8 JavaScript engine",
      "install_id": "node",
      "license": "MIT",
      "locked_url": "https://github.com/flox/nixpkgs?rev=88d3861acdd3d2f0e361767018218e51810df8a1",
      "name": "nodejs-20.20.0",
      "pname": "nodejs_20",
      "rev": "88d3861acdd3d2f0e361767018218e51810df8a1",
      "rev_count": 931542,
      "rev_date": "2026-01-21T18:02:10Z",
      "scrape_date": "2026-01-23T05:13:09.913715Z",
      "stabilities": [
        "unstable"
      ],
      "unfree": false,
      "version": "20.20.0",
      "outputs_to_install": [
        "out"
      ],
      "outputs": {
        "dev": "/nix/store/6qd7afr0a8mw1y4lnddv380nb1yxg7mn-nodejs-20.20.0-dev",
        "libv8": "/nix/store/9afma3lnsdzfscr8783lwcqydad477m5-nodejs-20.20.0-libv8",
        "out": "/nix/store/8bcjyh3wm6172gch2hmjaw70786vnn0p-nodejs-20.20.0"
      },
      "system": "aarch64-linux",
      "group": "toplevel",
      "priority": 5
    },
    {
      "attr_path": "nodejs_20",
      "broken": false,
      "derivation": "/nix/store/hcp46zznh26g4l5zz73ri5j8ag1l5156-nodejs-20.20.0.drv",
      "description": "Event-driven I/O framework for the V8 JavaScript engine",
      "install_id": "node",
      "license": "MIT",
      "locked_url": "https://github.com/flox/nixpkgs?rev=88d3861acdd3d2f0e361767018218e51810df8a1",
      "name": "nodejs-20.20.0",
      "pname": "nodejs_20",
      "rev": "88d3861acdd3d2f0e361767018218e51810df8a1",
      "rev_count": 931542,
      "rev_date": "2026-01-21T18:02:10Z",
      "scrape_date": "2026-01-23T05:49:59.634620Z",
      "stabilities": [
        "unstable"
      ],
      "unfree": false,
      "version": "20.20.0",
      "outputs_to_install": [
        "out"
      ],
      "outputs": {
        "dev": "/nix/store/q91w4zkkd52829lcx3c1m9k1b2clgv3r-nodejs-20.20.0-dev",
        "libv8": "/nix/store/bl853ghmyam6zc9kpr8hq7dk8mdsnddi-nodejs-20.20.0-libv8",
        "out": "/nix/store/nfpj0w7ckamxpbzci2y9zsrlsw1yjgsa-nodejs-20.20.0"
      },
      "system": "x86_64-darwin",
      "group": "toplevel",
      "priority": 5
    },
    {
      "attr_path": "nodejs_20",
      "broken": false,
      "derivation": "/nix/store/7x7g2mba8q0hxhfffikj7iykv4mhp079-nodejs-20.20.0.drv",
      "description": "Event-driven I/O framework for the V8 JavaScript engine",
      "install_id": "node",
      "license": "MIT",
      "locked_url": "https://github.com/flox/nixpkgs?rev=88d3861acdd3d2f0e361767018218e51810df8a1",
      "name": "nodejs-20.20.0",
      "pname": "nodejs_20",
      "rev": "88d3861acdd3d2f0e361767018218e51810df8a1",
      "rev_count": 931542,
      "rev_date": "2026-01-21T18:02:10Z",
      "scrape_date": "2026-01-23T06:36:33.713181Z",
      "stabilities": [
        "unstable"
      ],
      "unfree": false,
      "version": "20.20.0",
      "outputs_to_install": [
        "out"
      ],
      "outputs": {
        "dev": "/nix/store/mha8cz3kq9pnnns2f4ygsdl911nnc9nn-nodejs-20.20.0-dev",
        "libv8": "/nix/store/y8syar3i7lnw6ys8akhq252zznlfv0p7-nodejs-20.20.0-libv8",
        "out": "/nix/store/jfar9wnj6kvr0gr6klh1gk7vgckkfr5j-nodejs-20.20.0"
      },
      "system": "x86_64-linux",
      "group": "toplevel",
      "priority": 5
    },
    {
      "attr_path": "yarn-berry",
      "broken": false,
      "derivation": "/nix/store/21k7halh9g4ya1q3ljrbxi9b7izg5f2p-yarn-berry-4.12.0.drv",
      "description": "Fast, reliable, and secure dependency management",
      "install_id": "yarn",
      "license": "BSD-2-Clause",
      "locked_url": "https://github.com/flox/nixpkgs?rev=88d3861acdd3d2f0e361767018218e51810df8a1",
      "name": "yarn-berry-4.12.0",
      "pname": "yarn-berry",
      "rev": "88d3861acdd3d2f0e361767018218e51810df8a1",
      "rev_count": 931542,
      "rev_date": "2026-01-21T18:02:10Z",
      "scrape_date": "2026-01-23T04:35:03.472924Z",
      "stabilities": [
        "unstable"
      ],
      "unfree": false,
      "version": "4.12.0",
      "outputs_to_install": [
        "out"
      ],
      "outputs": {
        "out": "/nix/store/2l7sbyyqardvrzr35zkrw67gbng5gb8y-yarn-berry-4.12.0"
      },
      "system": "aarch64-darwin",
      "group": "toplevel",
      "priority": 5
    },
    {
      "attr_path": "yarn-berry",
      "broken": false,
      "derivation": "/nix/store/kd7yd6aq6kdrrpfnvvx8lq281fvzqlra-yarn-berry-4.12.0.drv",
      "description": "Fast, reliable, and secure dependency management",
      "install_id": "yarn",
      "license": "BSD-2-Clause",
      "locked_url": "https://github.com/flox/nixpkgs?rev=88d3861acdd3d2f0e361767018218e51810df8a1",
      "name": "yarn-berry-4.12.0",
      "pname": "yarn-berry",
      "rev": "88d3861acdd3d2f0e361767018218e51810df8a1",
      "rev_count": 931542,
      "rev_date": "2026-01-21T18:02:10Z",
      "scrape_date": "2026-01-23T05:15:57.930508Z",
      "stabilities": [
        "unstable"
      ],
      "unfree": false,
      "version": "4.12.0",
      "outputs_to_install": [
        "out"
      ],
      "outputs": {
        "out": "/nix/store/klx9ndw1djgx0zhhyrkcn9an094rmmwv-yarn-berry-4.12.0"
      },
      "system": "aarch64-linux",
      "group": "toplevel",
      "priority": 5
    },
    {
      "attr_path": "yarn-berry",
      "broken": false,
      "derivation": "/nix/store/lmyr0nc3rqk832a7h46d93rl63g2svam-yarn-berry-4.12.0.drv",
      "description": "Fast, reliable, and secure dependency management",
      "install_id": "yarn",
      "license": "BSD-2-Clause",
      "locked_url": "https://github.com/flox/nixpkgs?rev=88d3861acdd3d2f0e361767018218e51810df8a1",
      "name": "yarn-berry-4.12.0",
      "pname": "yarn-berry",
      "rev": "88d3861acdd3d2f0e361767018218e51810df8a1",
      "rev_count": 931542,
      "rev_date": "2026-01-21T18:02:10Z",
      "scrape_date": "2026-01-23T05:52:10.985734Z",
      "stabilities": [
        "unstable"
      ],
      "unfree": false,
      "version": "4.12.0",
      "outputs_to_install": [
        "out"
      ],
      "outputs": {
        "out": "/nix/store/m6cwiya6hrbwnlprh2cbnmz6c7mkylrf-yarn-berry-4.12.0"
      },
      "system": "x86_64-darwin",
      "group": "toplevel",
      "priority": 5
    },
    {
      "attr_path": "yarn-berry",
      "broken": false,
      "derivation": "/nix/store/9g8fzz520alhz8bj770c0x2v7b9yhaal-yarn-berry-4.12.0.drv",
      "description": "Fast, reliable, and secure dependency management",
      "install_id": "yarn",
      "license": "BSD-2-Clause",
      "locked_url": "https://github.com/flox/nixpkgs?rev=88d3861acdd3d2f0e361767018218e51810df8a1",
      "name": "yarn-berry-4.12.0",
      "pname": "yarn-berry",
      "rev": "88d3861acdd3d2f0e361767018218e51810df8a1",
      "rev_count": 931542,
      "rev_date": "2026-01-21T18:02:10Z",
      "scrape_date": "2026-01-23T06:39:28.762494Z",
      "stabilities": [
        "unstable"
      ],
      "unfree": false,
      "version": "4.12.0",
      "outputs_to_install": [
        "out"
      ],
      "outputs": {
        "out": "/nix/store/q1gys3zgijcciiafbh9nfawkx5wj8179-yarn-berry-4.12.0"
      },
      "system": "x86_64-linux",
      "group": "toplevel",
      "priority": 5
    }
  ]
}
